// !$*UTF8*$!
{
	archiveVersion = 1;
	classes = {
	};
	objectVersion = 56;
	objects = {

/* Begin PBXBuildFile section */
		951D90B22BCD78F30039E4A4 /* AppDelegate.swift in Sources */ = {isa = PBXBuildFile; fileRef = 951D90B12BCD78F30039E4A4 /* AppDelegate.swift */; };
		951D90B42BCD78F30039E4A4 /* SceneDelegate.swift in Sources */ = {isa = PBXBuildFile; fileRef = 951D90B32BCD78F30039E4A4 /* SceneDelegate.swift */; };
		951D90BB2BCD78F50039E4A4 /* Assets.xcassets in Resources */ = {isa = PBXBuildFile; fileRef = 951D90BA2BCD78F50039E4A4 /* Assets.xcassets */; };
		951D90BE2BCD78F50039E4A4 /* LaunchScreen.storyboard in Resources */ = {isa = PBXBuildFile; fileRef = 951D90BC2BCD78F50039E4A4 /* LaunchScreen.storyboard */; };
		951D90CF2BCD7B9A0039E4A4 /* SnapKit in Frameworks */ = {isa = PBXBuildFile; productRef = 951D90CE2BCD7B9A0039E4A4 /* SnapKit */; };
		951D90D12BCD7C050039E4A4 /* LoginViewController.swift in Sources */ = {isa = PBXBuildFile; fileRef = 951D90D02BCD7C050039E4A4 /* LoginViewController.swift */; };
		951D90D42BCD820F0039E4A4 /* BaseViewController.swift in Sources */ = {isa = PBXBuildFile; fileRef = 951D90D32BCD820F0039E4A4 /* BaseViewController.swift */; };
		951D90DE2BCD83890039E4A4 /* Pretendard-Regular.otf in Resources */ = {isa = PBXBuildFile; fileRef = 951D90D62BCD83880039E4A4 /* Pretendard-Regular.otf */; };
		951D90DF2BCD83890039E4A4 /* Pretendard-Medium.otf in Resources */ = {isa = PBXBuildFile; fileRef = 951D90D72BCD83880039E4A4 /* Pretendard-Medium.otf */; };
		951D90E02BCD83890039E4A4 /* Pretendard-SemiBold.otf in Resources */ = {isa = PBXBuildFile; fileRef = 951D90D82BCD83880039E4A4 /* Pretendard-SemiBold.otf */; };
		951D90E12BCD83890039E4A4 /* Pretendard-Thin.otf in Resources */ = {isa = PBXBuildFile; fileRef = 951D90D92BCD83880039E4A4 /* Pretendard-Thin.otf */; };
		951D90E22BCD83890039E4A4 /* Pretendard-ExtraBold.otf in Resources */ = {isa = PBXBuildFile; fileRef = 951D90DA2BCD83880039E4A4 /* Pretendard-ExtraBold.otf */; };
		951D90E32BCD83890039E4A4 /* Pretendard-Bold.otf in Resources */ = {isa = PBXBuildFile; fileRef = 951D90DB2BCD83880039E4A4 /* Pretendard-Bold.otf */; };
		951D90E42BCD83890039E4A4 /* Pretendard-ExtraLight.otf in Resources */ = {isa = PBXBuildFile; fileRef = 951D90DC2BCD83880039E4A4 /* Pretendard-ExtraLight.otf */; };
		951D90E52BCD83890039E4A4 /* Pretendard-Light.otf in Resources */ = {isa = PBXBuildFile; fileRef = 951D90DD2BCD83890039E4A4 /* Pretendard-Light.otf */; };
		951D90E72BCD83B90039E4A4 /* FontLiterals.swift in Sources */ = {isa = PBXBuildFile; fileRef = 951D90E62BCD83B90039E4A4 /* FontLiterals.swift */; };
		951D90E92BCD8C360039E4A4 /* BaseView.swift in Sources */ = {isa = PBXBuildFile; fileRef = 951D90E82BCD8C360039E4A4 /* BaseView.swift */; };
		951D90EB2BCD8EF60039E4A4 /* LoginView.swift in Sources */ = {isa = PBXBuildFile; fileRef = 951D90EA2BCD8EF60039E4A4 /* LoginView.swift */; };
		951D90ED2BCD90B30039E4A4 /* UIView+.swift in Sources */ = {isa = PBXBuildFile; fileRef = 951D90EC2BCD90B30039E4A4 /* UIView+.swift */; };
		951D90EF2BCD91D70039E4A4 /* ColorLiterals.swift in Sources */ = {isa = PBXBuildFile; fileRef = 951D90EE2BCD91D70039E4A4 /* ColorLiterals.swift */; };
		951D90F12BCD926E0039E4A4 /* UIColor+.swift in Sources */ = {isa = PBXBuildFile; fileRef = 951D90F02BCD926E0039E4A4 /* UIColor+.swift */; };
		951D90F32BD177160039E4A4 /* StringLiterals.swift in Sources */ = {isa = PBXBuildFile; fileRef = 951D90F22BD177160039E4A4 /* StringLiterals.swift */; };
/* End PBXBuildFile section */

/* Begin PBXFileReference section */
		951D90AE2BCD78F30039E4A4 /* assignment.app */ = {isa = PBXFileReference; explicitFileType = wrapper.application; includeInIndex = 0; path = assignment.app; sourceTree = BUILT_PRODUCTS_DIR; };
		951D90B12BCD78F30039E4A4 /* AppDelegate.swift */ = {isa = PBXFileReference; lastKnownFileType = sourcecode.swift; path = AppDelegate.swift; sourceTree = "<group>"; };
		951D90B32BCD78F30039E4A4 /* SceneDelegate.swift */ = {isa = PBXFileReference; lastKnownFileType = sourcecode.swift; path = SceneDelegate.swift; sourceTree = "<group>"; };
		951D90BA2BCD78F50039E4A4 /* Assets.xcassets */ = {isa = PBXFileReference; lastKnownFileType = folder.assetcatalog; path = Assets.xcassets; sourceTree = "<group>"; };
		951D90BD2BCD78F50039E4A4 /* Base */ = {isa = PBXFileReference; lastKnownFileType = file.storyboard; name = Base; path = Base.lproj/LaunchScreen.storyboard; sourceTree = "<group>"; };
		951D90BF2BCD78F50039E4A4 /* Info.plist */ = {isa = PBXFileReference; lastKnownFileType = text.plist.xml; path = Info.plist; sourceTree = "<group>"; };
		951D90D02BCD7C050039E4A4 /* LoginViewController.swift */ = {isa = PBXFileReference; lastKnownFileType = sourcecode.swift; path = LoginViewController.swift; sourceTree = "<group>"; };
		951D90D32BCD820F0039E4A4 /* BaseViewController.swift */ = {isa = PBXFileReference; lastKnownFileType = sourcecode.swift; path = BaseViewController.swift; sourceTree = "<group>"; };
		951D90D62BCD83880039E4A4 /* Pretendard-Regular.otf */ = {isa = PBXFileReference; lastKnownFileType = file; path = "Pretendard-Regular.otf"; sourceTree = "<group>"; };
		951D90D72BCD83880039E4A4 /* Pretendard-Medium.otf */ = {isa = PBXFileReference; lastKnownFileType = file; path = "Pretendard-Medium.otf"; sourceTree = "<group>"; };
		951D90D82BCD83880039E4A4 /* Pretendard-SemiBold.otf */ = {isa = PBXFileReference; lastKnownFileType = file; path = "Pretendard-SemiBold.otf"; sourceTree = "<group>"; };
		951D90D92BCD83880039E4A4 /* Pretendard-Thin.otf */ = {isa = PBXFileReference; lastKnownFileType = file; path = "Pretendard-Thin.otf"; sourceTree = "<group>"; };
		951D90DA2BCD83880039E4A4 /* Pretendard-ExtraBold.otf */ = {isa = PBXFileReference; lastKnownFileType = file; path = "Pretendard-ExtraBold.otf"; sourceTree = "<group>"; };
		951D90DB2BCD83880039E4A4 /* Pretendard-Bold.otf */ = {isa = PBXFileReference; lastKnownFileType = file; path = "Pretendard-Bold.otf"; sourceTree = "<group>"; };
		951D90DC2BCD83880039E4A4 /* Pretendard-ExtraLight.otf */ = {isa = PBXFileReference; lastKnownFileType = file; path = "Pretendard-ExtraLight.otf"; sourceTree = "<group>"; };
		951D90DD2BCD83890039E4A4 /* Pretendard-Light.otf */ = {isa = PBXFileReference; lastKnownFileType = file; path = "Pretendard-Light.otf"; sourceTree = "<group>"; };
		951D90E62BCD83B90039E4A4 /* FontLiterals.swift */ = {isa = PBXFileReference; lastKnownFileType = sourcecode.swift; path = FontLiterals.swift; sourceTree = "<group>"; };
		951D90E82BCD8C360039E4A4 /* BaseView.swift */ = {isa = PBXFileReference; lastKnownFileType = sourcecode.swift; path = BaseView.swift; sourceTree = "<group>"; };
		951D90EA2BCD8EF60039E4A4 /* LoginView.swift */ = {isa = PBXFileReference; lastKnownFileType = sourcecode.swift; path = LoginView.swift; sourceTree = "<group>"; };
		951D90EC2BCD90B30039E4A4 /* UIView+.swift */ = {isa = PBXFileReference; lastKnownFileType = sourcecode.swift; path = "UIView+.swift"; sourceTree = "<group>"; };
		951D90EE2BCD91D70039E4A4 /* ColorLiterals.swift */ = {isa = PBXFileReference; lastKnownFileType = sourcecode.swift; path = ColorLiterals.swift; sourceTree = "<group>"; };
		951D90F02BCD926E0039E4A4 /* UIColor+.swift */ = {isa = PBXFileReference; lastKnownFileType = sourcecode.swift; path = "UIColor+.swift"; sourceTree = "<group>"; };
		951D90F22BD177160039E4A4 /* StringLiterals.swift */ = {isa = PBXFileReference; lastKnownFileType = sourcecode.swift; path = StringLiterals.swift; sourceTree = "<group>"; };
/* End PBXFileReference section */

/* Begin PBXFrameworksBuildPhase section */
		951D90AB2BCD78F30039E4A4 /* Frameworks */ = {
			isa = PBXFrameworksBuildPhase;
			buildActionMask = 2147483647;
			files = (
				951D90CF2BCD7B9A0039E4A4 /* SnapKit in Frameworks */,
			);
			runOnlyForDeploymentPostprocessing = 0;
		};
/* End PBXFrameworksBuildPhase section */

/* Begin PBXGroup section */
		951D90A52BCD78F30039E4A4 = {
			isa = PBXGroup;
			children = (
				951D90B02BCD78F30039E4A4 /* assignment */,
				951D90AF2BCD78F30039E4A4 /* Products */,
			);
			sourceTree = "<group>";
		};
		951D90AF2BCD78F30039E4A4 /* Products */ = {
			isa = PBXGroup;
			children = (
				951D90AE2BCD78F30039E4A4 /* assignment.app */,
			);
			name = Products;
			sourceTree = "<group>";
		};
		951D90B02BCD78F30039E4A4 /* assignment */ = {
			isa = PBXGroup;
			children = (
				951D90C52BCD7AC70039E4A4 /* Application */,
				951D90C72BCD7AE20039E4A4 /* Presentation */,
				951D90C62BCD7ADC0039E4A4 /* Global */,
				951D90BF2BCD78F50039E4A4 /* Info.plist */,
			);
			path = assignment;
			sourceTree = "<group>";
		};
		951D90C52BCD7AC70039E4A4 /* Application */ = {
			isa = PBXGroup;
			children = (
				951D90B12BCD78F30039E4A4 /* AppDelegate.swift */,
				951D90B32BCD78F30039E4A4 /* SceneDelegate.swift */,
			);
			path = Application;
			sourceTree = "<group>";
		};
		951D90C62BCD7ADC0039E4A4 /* Global */ = {
			isa = PBXGroup;
			children = (
				951D90CC2BCD7B430039E4A4 /* Resource */,
				951D90CB2BCD7B340039E4A4 /* Literals */,
				951D90CA2BCD7B2F0039E4A4 /* Extensions */,
			);
			path = Global;
			sourceTree = "<group>";
		};
		951D90C72BCD7AE20039E4A4 /* Presentation */ = {
			isa = PBXGroup;
			children = (
				951D90C92BCD7B0B0039E4A4 /* Views */,
				951D90C82BCD7B020039E4A4 /* ViewControllers */,
				951D90D22BCD81AA0039E4A4 /* Common */,
			);
			path = Presentation;
			sourceTree = "<group>";
		};
		951D90C82BCD7B020039E4A4 /* ViewControllers */ = {
			isa = PBXGroup;
			children = (
				951D90D02BCD7C050039E4A4 /* LoginViewController.swift */,
			);
			path = ViewControllers;
			sourceTree = "<group>";
		};
		951D90C92BCD7B0B0039E4A4 /* Views */ = {
			isa = PBXGroup;
			children = (
				951D90EA2BCD8EF60039E4A4 /* LoginView.swift */,
			);
			path = Views;
			sourceTree = "<group>";
		};
		951D90CA2BCD7B2F0039E4A4 /* Extensions */ = {
			isa = PBXGroup;
			children = (
				951D90EC2BCD90B30039E4A4 /* UIView+.swift */,
				951D90F02BCD926E0039E4A4 /* UIColor+.swift */,
			);
			path = Extensions;
			sourceTree = "<group>";
		};
		951D90CB2BCD7B340039E4A4 /* Literals */ = {
			isa = PBXGroup;
			children = (
				951D90E62BCD83B90039E4A4 /* FontLiterals.swift */,
				951D90EE2BCD91D70039E4A4 /* ColorLiterals.swift */,
				951D90F22BD177160039E4A4 /* StringLiterals.swift */,
			);
			path = Literals;
			sourceTree = "<group>";
		};
		951D90CC2BCD7B430039E4A4 /* Resource */ = {
			isa = PBXGroup;
			children = (
				951D90D52BCD836E0039E4A4 /* Font */,
				951D90BA2BCD78F50039E4A4 /* Assets.xcassets */,
				951D90BC2BCD78F50039E4A4 /* LaunchScreen.storyboard */,
			);
			path = Resource;
			sourceTree = "<group>";
		};
		951D90D22BCD81AA0039E4A4 /* Common */ = {
			isa = PBXGroup;
			children = (
				951D90D32BCD820F0039E4A4 /* BaseViewController.swift */,
				951D90E82BCD8C360039E4A4 /* BaseView.swift */,
			);
			path = Common;
			sourceTree = "<group>";
		};
		951D90D52BCD836E0039E4A4 /* Font */ = {
			isa = PBXGroup;
			children = (
				951D90DB2BCD83880039E4A4 /* Pretendard-Bold.otf */,
				951D90DA2BCD83880039E4A4 /* Pretendard-ExtraBold.otf */,
				951D90DC2BCD83880039E4A4 /* Pretendard-ExtraLight.otf */,
				951D90DD2BCD83890039E4A4 /* Pretendard-Light.otf */,
				951D90D72BCD83880039E4A4 /* Pretendard-Medium.otf */,
				951D90D62BCD83880039E4A4 /* Pretendard-Regular.otf */,
				951D90D82BCD83880039E4A4 /* Pretendard-SemiBold.otf */,
				951D90D92BCD83880039E4A4 /* Pretendard-Thin.otf */,
			);
			path = Font;
			sourceTree = "<group>";
		};
/* End PBXGroup section */

/* Begin PBXNativeTarget section */
		951D90AD2BCD78F30039E4A4 /* assignment */ = {
			isa = PBXNativeTarget;
			buildConfigurationList = 951D90C22BCD78F50039E4A4 /* Build configuration list for PBXNativeTarget "assignment" */;
			buildPhases = (
				951D90AA2BCD78F30039E4A4 /* Sources */,
				951D90AB2BCD78F30039E4A4 /* Frameworks */,
				951D90AC2BCD78F30039E4A4 /* Resources */,
			);
			buildRules = (
			);
			dependencies = (
			);
			name = assignment;
			packageProductDependencies = (
				951D90CE2BCD7B9A0039E4A4 /* SnapKit */,
			);
			productName = assignment;
			productReference = 951D90AE2BCD78F30039E4A4 /* assignment.app */;
			productType = "com.apple.product-type.application";
		};
/* End PBXNativeTarget section */

/* Begin PBXProject section */
		951D90A62BCD78F30039E4A4 /* Project object */ = {
			isa = PBXProject;
			attributes = {
				BuildIndependentTargetsInParallel = 1;
				LastSwiftUpdateCheck = 1500;
				LastUpgradeCheck = 1500;
				TargetAttributes = {
					951D90AD2BCD78F30039E4A4 = {
						CreatedOnToolsVersion = 15.0.1;
					};
				};
			};
			buildConfigurationList = 951D90A92BCD78F30039E4A4 /* Build configuration list for PBXProject "assignment" */;
			compatibilityVersion = "Xcode 14.0";
			developmentRegion = en;
			hasScannedForEncodings = 0;
			knownRegions = (
				en,
				Base,
			);
			mainGroup = 951D90A52BCD78F30039E4A4;
			packageReferences = (
				951D90CD2BCD7B9A0039E4A4 /* XCRemoteSwiftPackageReference "SnapKit" */,
			);
			productRefGroup = 951D90AF2BCD78F30039E4A4 /* Products */;
			projectDirPath = "";
			projectRoot = "";
			targets = (
				951D90AD2BCD78F30039E4A4 /* assignment */,
			);
		};
/* End PBXProject section */

/* Begin PBXResourcesBuildPhase section */
		951D90AC2BCD78F30039E4A4 /* Resources */ = {
			isa = PBXResourcesBuildPhase;
			buildActionMask = 2147483647;
			files = (
				951D90E42BCD83890039E4A4 /* Pretendard-ExtraLight.otf in Resources */,
				951D90BE2BCD78F50039E4A4 /* LaunchScreen.storyboard in Resources */,
				951D90E32BCD83890039E4A4 /* Pretendard-Bold.otf in Resources */,
				951D90E52BCD83890039E4A4 /* Pretendard-Light.otf in Resources */,
				951D90DE2BCD83890039E4A4 /* Pretendard-Regular.otf in Resources */,
				951D90E22BCD83890039E4A4 /* Pretendard-ExtraBold.otf in Resources */,
				951D90E02BCD83890039E4A4 /* Pretendard-SemiBold.otf in Resources */,
				951D90E12BCD83890039E4A4 /* Pretendard-Thin.otf in Resources */,
				951D90BB2BCD78F50039E4A4 /* Assets.xcassets in Resources */,
				951D90DF2BCD83890039E4A4 /* Pretendard-Medium.otf in Resources */,
			);
			runOnlyForDeploymentPostprocessing = 0;
		};
/* End PBXResourcesBuildPhase section */

/* Begin PBXSourcesBuildPhase section */
		951D90AA2BCD78F30039E4A4 /* Sources */ = {
			isa = PBXSourcesBuildPhase;
			buildActionMask = 2147483647;
			files = (
				951D90E72BCD83B90039E4A4 /* FontLiterals.swift in Sources */,
				951D90EB2BCD8EF60039E4A4 /* LoginView.swift in Sources */,
				951D90EF2BCD91D70039E4A4 /* ColorLiterals.swift in Sources */,
				951D90F32BD177160039E4A4 /* StringLiterals.swift in Sources */,
				951D90D12BCD7C050039E4A4 /* LoginViewController.swift in Sources */,
				951D90D42BCD820F0039E4A4 /* BaseViewController.swift in Sources */,
				951D90ED2BCD90B30039E4A4 /* UIView+.swift in Sources */,
				951D90E92BCD8C360039E4A4 /* BaseView.swift in Sources */,
				951D90B22BCD78F30039E4A4 /* AppDelegate.swift in Sources */,
				951D90B42BCD78F30039E4A4 /* SceneDelegate.swift in Sources */,
				951D90F12BCD926E0039E4A4 /* UIColor+.swift in Sources */,
			);
			runOnlyForDeploymentPostprocessing = 0;
		};
/* End PBXSourcesBuildPhase section */

/* Begin PBXVariantGroup section */
		951D90BC2BCD78F50039E4A4 /* LaunchScreen.storyboard */ = {
			isa = PBXVariantGroup;
			children = (
				951D90BD2BCD78F50039E4A4 /* Base */,
			);
			name = LaunchScreen.storyboard;
			sourceTree = "<group>";
		};
/* End PBXVariantGroup section */

/* Begin XCBuildConfiguration section */
		951D90C02BCD78F50039E4A4 /* Debug */ = {
			isa = XCBuildConfiguration;
			buildSettings = {
				ALWAYS_SEARCH_USER_PATHS = NO;
				ASSETCATALOG_COMPILER_GENERATE_SWIFT_ASSET_SYMBOL_EXTENSIONS = YES;
				CLANG_ANALYZER_NONNULL = YES;
				CLANG_ANALYZER_NUMBER_OBJECT_CONVERSION = YES_AGGRESSIVE;
				CLANG_CXX_LANGUAGE_STANDARD = "gnu++20";
				CLANG_ENABLE_MODULES = YES;
				CLANG_ENABLE_OBJC_ARC = YES;
				CLANG_ENABLE_OBJC_WEAK = YES;
				CLANG_WARN_BLOCK_CAPTURE_AUTORELEASING = YES;
				CLANG_WARN_BOOL_CONVERSION = YES;
				CLANG_WARN_COMMA = YES;
				CLANG_WARN_CONSTANT_CONVERSION = YES;
				CLANG_WARN_DEPRECATED_OBJC_IMPLEMENTATIONS = YES;
				CLANG_WARN_DIRECT_OBJC_ISA_USAGE = YES_ERROR;
				CLANG_WARN_DOCUMENTATION_COMMENTS = YES;
				CLANG_WARN_EMPTY_BODY = YES;
				CLANG_WARN_ENUM_CONVERSION = YES;
				CLANG_WARN_INFINITE_RECURSION = YES;
				CLANG_WARN_INT_CONVERSION = YES;
				CLANG_WARN_NON_LITERAL_NULL_CONVERSION = YES;
				CLANG_WARN_OBJC_IMPLICIT_RETAIN_SELF = YES;
				CLANG_WARN_OBJC_LITERAL_CONVERSION = YES;
				CLANG_WARN_OBJC_ROOT_CLASS = YES_ERROR;
				CLANG_WARN_QUOTED_INCLUDE_IN_FRAMEWORK_HEADER = YES;
				CLANG_WARN_RANGE_LOOP_ANALYSIS = YES;
				CLANG_WARN_STRICT_PROTOTYPES = YES;
				CLANG_WARN_SUSPICIOUS_MOVE = YES;
				CLANG_WARN_UNGUARDED_AVAILABILITY = YES_AGGRESSIVE;
				CLANG_WARN_UNREACHABLE_CODE = YES;
				CLANG_WARN__DUPLICATE_METHOD_MATCH = YES;
				COPY_PHASE_STRIP = NO;
				DEBUG_INFORMATION_FORMAT = dwarf;
				ENABLE_STRICT_OBJC_MSGSEND = YES;
				ENABLE_TESTABILITY = YES;
				ENABLE_USER_SCRIPT_SANDBOXING = YES;
				GCC_C_LANGUAGE_STANDARD = gnu17;
				GCC_DYNAMIC_NO_PIC = NO;
				GCC_NO_COMMON_BLOCKS = YES;
				GCC_OPTIMIZATION_LEVEL = 0;
				GCC_PREPROCESSOR_DEFINITIONS = (
					"DEBUG=1",
					"$(inherited)",
				);
				GCC_WARN_64_TO_32_BIT_CONVERSION = YES;
				GCC_WARN_ABOUT_RETURN_TYPE = YES_ERROR;
				GCC_WARN_UNDECLARED_SELECTOR = YES;
				GCC_WARN_UNINITIALIZED_AUTOS = YES_AGGRESSIVE;
				GCC_WARN_UNUSED_FUNCTION = YES;
				GCC_WARN_UNUSED_VARIABLE = YES;
				IPHONEOS_DEPLOYMENT_TARGET = 17.0;
				LOCALIZATION_PREFERS_STRING_CATALOGS = YES;
				MTL_ENABLE_DEBUG_INFO = INCLUDE_SOURCE;
				MTL_FAST_MATH = YES;
				ONLY_ACTIVE_ARCH = YES;
				SDKROOT = iphoneos;
				SWIFT_ACTIVE_COMPILATION_CONDITIONS = "DEBUG $(inherited)";
				SWIFT_OPTIMIZATION_LEVEL = "-Onone";
			};
			name = Debug;
		};
		951D90C12BCD78F50039E4A4 /* Release */ = {
			isa = XCBuildConfiguration;
			buildSettings = {
				ALWAYS_SEARCH_USER_PATHS = NO;
				ASSETCATALOG_COMPILER_GENERATE_SWIFT_ASSET_SYMBOL_EXTENSIONS = YES;
				CLANG_ANALYZER_NONNULL = YES;
				CLANG_ANALYZER_NUMBER_OBJECT_CONVERSION = YES_AGGRESSIVE;
				CLANG_CXX_LANGUAGE_STANDARD = "gnu++20";
				CLANG_ENABLE_MODULES = YES;
				CLANG_ENABLE_OBJC_ARC = YES;
				CLANG_ENABLE_OBJC_WEAK = YES;
				CLANG_WARN_BLOCK_CAPTURE_AUTORELEASING = YES;
				CLANG_WARN_BOOL_CONVERSION = YES;
				CLANG_WARN_COMMA = YES;
				CLANG_WARN_CONSTANT_CONVERSION = YES;
				CLANG_WARN_DEPRECATED_OBJC_IMPLEMENTATIONS = YES;
				CLANG_WARN_DIRECT_OBJC_ISA_USAGE = YES_ERROR;
				CLANG_WARN_DOCUMENTATION_COMMENTS = YES;
				CLANG_WARN_EMPTY_BODY = YES;
				CLANG_WARN_ENUM_CONVERSION = YES;
				CLANG_WARN_INFINITE_RECURSION = YES;
				CLANG_WARN_INT_CONVERSION = YES;
				CLANG_WARN_NON_LITERAL_NULL_CONVERSION = YES;
				CLANG_WARN_OBJC_IMPLICIT_RETAIN_SELF = YES;
				CLANG_WARN_OBJC_LITERAL_CONVERSION = YES;
				CLANG_WARN_OBJC_ROOT_CLASS = YES_ERROR;
				CLANG_WARN_QUOTED_INCLUDE_IN_FRAMEWORK_HEADER = YES;
				CLANG_WARN_RANGE_LOOP_ANALYSIS = YES;
				CLANG_WARN_STRICT_PROTOTYPES = YES;
				CLANG_WARN_SUSPICIOUS_MOVE = YES;
				CLANG_WARN_UNGUARDED_AVAILABILITY = YES_AGGRESSIVE;
				CLANG_WARN_UNREACHABLE_CODE = YES;
				CLANG_WARN__DUPLICATE_METHOD_MATCH = YES;
				COPY_PHASE_STRIP = NO;
				DEBUG_INFORMATION_FORMAT = "dwarf-with-dsym";
				ENABLE_NS_ASSERTIONS = NO;
				ENABLE_STRICT_OBJC_MSGSEND = YES;
				ENABLE_USER_SCRIPT_SANDBOXING = YES;
				GCC_C_LANGUAGE_STANDARD = gnu17;
				GCC_NO_COMMON_BLOCKS = YES;
				GCC_WARN_64_TO_32_BIT_CONVERSION = YES;
				GCC_WARN_ABOUT_RETURN_TYPE = YES_ERROR;
				GCC_WARN_UNDECLARED_SELECTOR = YES;
				GCC_WARN_UNINITIALIZED_AUTOS = YES_AGGRESSIVE;
				GCC_WARN_UNUSED_FUNCTION = YES;
				GCC_WARN_UNUSED_VARIABLE = YES;
				IPHONEOS_DEPLOYMENT_TARGET = 17.0;
				LOCALIZATION_PREFERS_STRING_CATALOGS = YES;
				MTL_ENABLE_DEBUG_INFO = NO;
				MTL_FAST_MATH = YES;
				SDKROOT = iphoneos;
				SWIFT_COMPILATION_MODE = wholemodule;
				VALIDATE_PRODUCT = YES;
			};
			name = Release;
		};
		951D90C32BCD78F50039E4A4 /* Debug */ = {
			isa = XCBuildConfiguration;
			buildSettings = {
				ASSETCATALOG_COMPILER_APPICON_NAME = AppIcon;
				ASSETCATALOG_COMPILER_GLOBAL_ACCENT_COLOR_NAME = AccentColor;
				CODE_SIGN_STYLE = Automatic;
				CURRENT_PROJECT_VERSION = 1;
				DEVELOPMENT_TEAM = Q927Z26DP6;
				GENERATE_INFOPLIST_FILE = YES;
				INFOPLIST_FILE = assignment/Info.plist;
				INFOPLIST_KEY_UIApplicationSupportsIndirectInputEvents = YES;
				INFOPLIST_KEY_UILaunchStoryboardName = LaunchScreen;
				INFOPLIST_KEY_UISupportedInterfaceOrientations_iPad = "UIInterfaceOrientationPortrait UIInterfaceOrientationPortraitUpsideDown UIInterfaceOrientationLandscapeLeft UIInterfaceOrientationLandscapeRight";
				INFOPLIST_KEY_UISupportedInterfaceOrientations_iPhone = "UIInterfaceOrientationPortrait UIInterfaceOrientationLandscapeLeft UIInterfaceOrientationLandscapeRight";
				LD_RUNPATH_SEARCH_PATHS = (
					"$(inherited)",
					"@executable_path/Frameworks",
				);
				MARKETING_VERSION = 1.0;
				PRODUCT_BUNDLE_IDENTIFIER = com.nayeon.assignment;
				PRODUCT_NAME = "$(TARGET_NAME)";
				SWIFT_EMIT_LOC_STRINGS = YES;
				SWIFT_VERSION = 5.0;
				TARGETED_DEVICE_FAMILY = "1,2";
			};
			name = Debug;
		};
		951D90C42BCD78F50039E4A4 /* Release */ = {
			isa = XCBuildConfiguration;
			buildSettings = {
				ASSETCATALOG_COMPILER_APPICON_NAME = AppIcon;
				ASSETCATALOG_COMPILER_GLOBAL_ACCENT_COLOR_NAME = AccentColor;
				CODE_SIGN_STYLE = Automatic;
				CURRENT_PROJECT_VERSION = 1;
				DEVELOPMENT_TEAM = Q927Z26DP6;
				GENERATE_INFOPLIST_FILE = YES;
				INFOPLIST_FILE = assignment/Info.plist;
				INFOPLIST_KEY_UIApplicationSupportsIndirectInputEvents = YES;
				INFOPLIST_KEY_UILaunchStoryboardName = LaunchScreen;
				INFOPLIST_KEY_UISupportedInterfaceOrientations_iPad = "UIInterfaceOrientationPortrait UIInterfaceOrientationPortraitUpsideDown UIInterfaceOrientationLandscapeLeft UIInterfaceOrientationLandscapeRight";
				INFOPLIST_KEY_UISupportedInterfaceOrientations_iPhone = "UIInterfaceOrientationPortrait UIInterfaceOrientationLandscapeLeft UIInterfaceOrientationLandscapeRight";
				LD_RUNPATH_SEARCH_PATHS = (
					"$(inherited)",
					"@executable_path/Frameworks",
				);
				MARKETING_VERSION = 1.0;
				PRODUCT_BUNDLE_IDENTIFIER = com.nayeon.assignment;
				PRODUCT_NAME = "$(TARGET_NAME)";
				SWIFT_EMIT_LOC_STRINGS = YES;
				SWIFT_VERSION = 5.0;
				TARGETED_DEVICE_FAMILY = "1,2";
			};
			name = Release;
		};
/* End XCBuildConfiguration section */

/* Begin XCConfigurationList section */
		951D90A92BCD78F30039E4A4 /* Build configuration list for PBXProject "assignment" */ = {
			isa = XCConfigurationList;
			buildConfigurations = (
				951D90C02BCD78F50039E4A4 /* Debug */,
				951D90C12BCD78F50039E4A4 /* Release */,
			);
			defaultConfigurationIsVisible = 0;
			defaultConfigurationName = Release;
		};
		951D90C22BCD78F50039E4A4 /* Build configuration list for PBXNativeTarget "assignment" */ = {
			isa = XCConfigurationList;
			buildConfigurations = (
				951D90C32BCD78F50039E4A4 /* Debug */,
				951D90C42BCD78F50039E4A4 /* Release */,
			);
			defaultConfigurationIsVisible = 0;
			defaultConfigurationName = Release;
		};
/* End XCConfigurationList section */

/* Begin XCRemoteSwiftPackageReference section */
		951D90CD2BCD7B9A0039E4A4 /* XCRemoteSwiftPackageReference "SnapKit" */ = {
			isa = XCRemoteSwiftPackageReference;
			repositoryURL = "https://github.com/SnapKit/SnapKit";
			requirement = {
				kind = upToNextMajorVersion;
				minimumVersion = 5.7.1;
			};
		};
/* End XCRemoteSwiftPackageReference section */

/* Begin XCSwiftPackageProductDependency section */
		951D90CE2BCD7B9A0039E4A4 /* SnapKit */ = {
			isa = XCSwiftPackageProductDependency;
			package = 951D90CD2BCD7B9A0039E4A4 /* XCRemoteSwiftPackageReference "SnapKit" */;
			productName = SnapKit;
		};
/* End XCSwiftPackageProductDependency section */
	};
	rootObject = 951D90A62BCD78F30039E4A4 /* Project object */;
}
